Microsoft Visual Studio Solution File, Format Version 12.00
# Visual Studio Version 17
VisualStudioVersion = 17.5.2.0
MinimumVisualStudioVersion = 10.0.40219.1
Project("{FAE04EC0-301F-11D3-BF4B-00C04F79EFBC}") = "DotNetInterviewApi", "DotNetInterviewApi.csproj", "{883E48C6-26E0-EE4D-0F9E-1F7B06716505}"
EndProject
Global
	GlobalSection(SolutionConfigurationPlatforms) = preSolution
		Debug|Any CPU = Debug|Any CPU
		Release|Any CPU = Release|Any CPU
	EndGlobalSection
	GlobalSection(ProjectConfigurationPlatforms) = postSolution
		{883E48C6-26E0-EE4D-0F9E-1F7B06716505}.Debug|Any CPU.ActiveCfg = Debug|Any CPU
		{883E48C6-26E0-EE4D-0F9E-1F7B06716505}.Debug|Any CPU.Build.0 = Debug|Any CPU
		{883E48C6-26E0-EE4D-0F9E-1F7B06716505}.Release|Any CPU.ActiveCfg = Release|Any CPU
		{883E48C6-26E0-EE4D-0F9E-1F7B06716505}.Release|Any CPU.Build.0 = Release|Any CPU
	EndGlobalSection
	GlobalSection(SolutionProperties) = preSolution
		HideSolutionNode = FALSE
	EndGlobalSection
	GlobalSection(ExtensibilityGlobals) = postSolution
		SolutionGuid = {D3BA8E27-4FF3-4044-9F92-B3450ACA011B}
	EndGlobalSection
EndGlobal
